
Microsoft Visual Studio Solution File, Format Version 12.00
# Visual Studio Version 17
VisualStudioVersion = 17.4.33213.308
MinimumVisualStudioVersion = 10.0.40219.1
Project("{FAE04EC0-301F-11D3-BF4B-00C04F79EFBC}") = "POO-home", "POO-home\POO-home.csproj", "{B0D85F03-BBF6-41D6-9EED-CBB0F0DA621D}"
EndProject
Global
	GlobalSection(SolutionConfigurationPlatforms) = preSolution
		Debug|Any CPU = Debug|Any CPU
		Release|Any CPU = Release|Any CPU
	EndGlobalSection
	GlobalSection(ProjectConfigurationPlatforms) = postSolution
		{B0D85F03-BBF6-41D6-9EED-CBB0F0DA621D}.Debug|Any CPU.ActiveCfg = Debug|Any CPU
		{B0D85F03-BBF6-41D6-9EED-CBB0F0DA621D}.Debug|Any CPU.Build.0 = Debug|Any CPU
		{B0D85F03-BBF6-41D6-9EED-CBB0F0DA621D}.Release|Any CPU.ActiveCfg = Release|Any CPU
		{B0D85F03-BBF6-41D6-9EED-CBB0F0DA621D}.Release|Any CPU.Build.0 = Release|Any CPU
	EndGlobalSection
	GlobalSection(SolutionProperties) = preSolution
		HideSolutionNode = FALSE
	EndGlobalSection
	GlobalSection(ExtensibilityGlobals) = postSolution
		SolutionGuid = {F087D0CA-5799-4C8B-AB38-8D84A63A3882}
	EndGlobalSection
EndGlobal
